# This file was autogenerated by Stack.
# You should not edit this file by hand.
# For more information, please see the documentation at:
#   https://docs.haskellstack.org/en/stable/lock_files

packages:
- completed:
    hackage: logging-effect-1.1.0@sha256:3dce6da9cd6a95be7595f5de9343b37a5fa30de49ba723f0a6a425682197af66,1535
    pantry-tree:
      size: 330
      sha256: e056caceda83ce7c107470c25872f102a02cbbcf53893b462f9e82b0db241cbe
  original:
    hackage: logging-effect-1.1.0
snapshots:
- completed:
    size: 423186
    url: https://raw.githubusercontent.com/commercialhaskell/stackage-snapshots/master/lts/7/18.yaml
    sha256: 39a0e57eb846b542c4ce09c8512475c4b40efd7b5275f40a7a47fc7ad05c3c2d
  original: lts-7.18
